<?xml version="1.0" encoding="utf-8"?>
<Project ToolsVersion="16.0" xmlns="http://schemas.microsoft.com/developer/msbuild/2003">
  <ItemGroup>
    <CustomBuild Include="D:\proj\IBLBaker\Build64\CMakeFiles\2ff98e8b2d3a77f90e67bd07f2e5e611\PACKAGE_force.rule">
      <Filter>CMake Rules</Filter>
    </CustomBuild>
  </ItemGroup>
  <ItemGroup>
    <Filter Include="CMake Rules">
      <UniqueIdentifier>{412C39CD-608A-3BBC-9D7D-8221B7D95176}</UniqueIdentifier>
    </Filter>
  </ItemGroup>
</Project>
