
Microsoft Visual Studio Solution File, Format Version 12.00
# Visual Studio Version 16
Project("{2150E333-8FDC-42A3-9474-1A3956D46DE8}") = "CMakePredefinedTargets", "CMakePredefinedTargets", "{00D74D2D-EA35-3A18-B82C-B1B6997F8CCE}"
EndProject
Project("{2150E333-8FDC-42A3-9474-1A3956D46DE8}") = "Dependencies", "Dependencies", "{831439A6-3D55-39A2-9F2E-5F232DF0EDB5}"
EndProject
Project("{8BC9CEB8-8B4A-11D0-8D11-00A0C91BC942}") = "ALL_BUILD", "ALL_BUILD.vcxproj", "{07994ACA-9644-3660-AB4F-724FEC311DFD}"
	ProjectSection(ProjectDependencies) = postProject
		{45B47478-C1CA-3384-8930-D299B4BA4224} = {45B47478-C1CA-3384-8930-D299B4BA4224}
		{A4DE1904-F9B1-31AF-8893-9CDA99087E93} = {A4DE1904-F9B1-31AF-8893-9CDA99087E93}
	EndProjectSection
EndProject
Project("{8BC9CEB8-8B4A-11D0-8D11-00A0C91BC942}") = "INSTALL", "INSTALL.vcxproj", "{98C93AC6-60EC-394F-99A5-15983D9574F2}"
	ProjectSection(ProjectDependencies) = postProject
		{07994ACA-9644-3660-AB4F-724FEC311DFD} = {07994ACA-9644-3660-AB4F-724FEC311DFD}
		{A4DE1904-F9B1-31AF-8893-9CDA99087E93} = {A4DE1904-F9B1-31AF-8893-9CDA99087E93}
	EndProjectSection
EndProject
Project("{8BC9CEB8-8B4A-11D0-8D11-00A0C91BC942}") = "LibTIFF4", "LibTIFF4.vcxproj", "{45B47478-C1CA-3384-8930-D299B4BA4224}"
	ProjectSection(ProjectDependencies) = postProject
		{A4DE1904-F9B1-31AF-8893-9CDA99087E93} = {A4DE1904-F9B1-31AF-8893-9CDA99087E93}
	EndProjectSection
EndProject
Project("{8BC9CEB8-8B4A-11D0-8D11-00A0C91BC942}") = "PACKAGE", "PACKAGE.vcxproj", "{7CEB6516-7693-3C67-857A-66AB3E2C82F6}"
	ProjectSection(ProjectDependencies) = postProject
		{07994ACA-9644-3660-AB4F-724FEC311DFD} = {07994ACA-9644-3660-AB4F-724FEC311DFD}
		{A4DE1904-F9B1-31AF-8893-9CDA99087E93} = {A4DE1904-F9B1-31AF-8893-9CDA99087E93}
	EndProjectSection
EndProject
Project("{8BC9CEB8-8B4A-11D0-8D11-00A0C91BC942}") = "ZERO_CHECK", "..\..\..\\ZERO_CHECK.vcxproj", "{A4DE1904-F9B1-31AF-8893-9CDA99087E93}"
	ProjectSection(ProjectDependencies) = postProject
	EndProjectSection
EndProject
Global
	GlobalSection(SolutionConfigurationPlatforms) = preSolution
		Debug|x64 = Debug|x64
		Release|x64 = Release|x64
		MinSizeRel|x64 = MinSizeRel|x64
		RelWithDebInfo|x64 = RelWithDebInfo|x64
	EndGlobalSection
	GlobalSection(ProjectConfigurationPlatforms) = postSolution
		{07994ACA-9644-3660-AB4F-724FEC311DFD}.Debug|x64.ActiveCfg = Debug|x64
		{07994ACA-9644-3660-AB4F-724FEC311DFD}.Debug|x64.Build.0 = Debug|x64
		{07994ACA-9644-3660-AB4F-724FEC311DFD}.Release|x64.ActiveCfg = Release|x64
		{07994ACA-9644-3660-AB4F-724FEC311DFD}.Release|x64.Build.0 = Release|x64
		{07994ACA-9644-3660-AB4F-724FEC311DFD}.MinSizeRel|x64.ActiveCfg = MinSizeRel|x64
		{07994ACA-9644-3660-AB4F-724FEC311DFD}.MinSizeRel|x64.Build.0 = MinSizeRel|x64
		{07994ACA-9644-3660-AB4F-724FEC311DFD}.RelWithDebInfo|x64.ActiveCfg = RelWithDebInfo|x64
		{07994ACA-9644-3660-AB4F-724FEC311DFD}.RelWithDebInfo|x64.Build.0 = RelWithDebInfo|x64
		{98C93AC6-60EC-394F-99A5-15983D9574F2}.Debug|x64.ActiveCfg = Debug|x64
		{98C93AC6-60EC-394F-99A5-15983D9574F2}.Release|x64.ActiveCfg = Release|x64
		{98C93AC6-60EC-394F-99A5-15983D9574F2}.MinSizeRel|x64.ActiveCfg = MinSizeRel|x64
		{98C93AC6-60EC-394F-99A5-15983D9574F2}.RelWithDebInfo|x64.ActiveCfg = RelWithDebInfo|x64
		{45B47478-C1CA-3384-8930-D299B4BA4224}.Debug|x64.ActiveCfg = Debug|x64
		{45B47478-C1CA-3384-8930-D299B4BA4224}.Debug|x64.Build.0 = Debug|x64
		{45B47478-C1CA-3384-8930-D299B4BA4224}.Release|x64.ActiveCfg = Release|x64
		{45B47478-C1CA-3384-8930-D299B4BA4224}.Release|x64.Build.0 = Release|x64
		{45B47478-C1CA-3384-8930-D299B4BA4224}.MinSizeRel|x64.ActiveCfg = MinSizeRel|x64
		{45B47478-C1CA-3384-8930-D299B4BA4224}.MinSizeRel|x64.Build.0 = MinSizeRel|x64
		{45B47478-C1CA-3384-8930-D299B4BA4224}.RelWithDebInfo|x64.ActiveCfg = RelWithDebInfo|x64
		{45B47478-C1CA-3384-8930-D299B4BA4224}.RelWithDebInfo|x64.Build.0 = RelWithDebInfo|x64
		{7CEB6516-7693-3C67-857A-66AB3E2C82F6}.Debug|x64.ActiveCfg = Debug|x64
		{7CEB6516-7693-3C67-857A-66AB3E2C82F6}.Release|x64.ActiveCfg = Release|x64
		{7CEB6516-7693-3C67-857A-66AB3E2C82F6}.MinSizeRel|x64.ActiveCfg = MinSizeRel|x64
		{7CEB6516-7693-3C67-857A-66AB3E2C82F6}.RelWithDebInfo|x64.ActiveCfg = RelWithDebInfo|x64
		{A4DE1904-F9B1-31AF-8893-9CDA99087E93}.Debug|x64.ActiveCfg = Debug|x64
		{A4DE1904-F9B1-31AF-8893-9CDA99087E93}.Debug|x64.Build.0 = Debug|x64
		{A4DE1904-F9B1-31AF-8893-9CDA99087E93}.Release|x64.ActiveCfg = Release|x64
		{A4DE1904-F9B1-31AF-8893-9CDA99087E93}.Release|x64.Build.0 = Release|x64
		{A4DE1904-F9B1-31AF-8893-9CDA99087E93}.MinSizeRel|x64.ActiveCfg = MinSizeRel|x64
		{A4DE1904-F9B1-31AF-8893-9CDA99087E93}.MinSizeRel|x64.Build.0 = MinSizeRel|x64
		{A4DE1904-F9B1-31AF-8893-9CDA99087E93}.RelWithDebInfo|x64.ActiveCfg = RelWithDebInfo|x64
		{A4DE1904-F9B1-31AF-8893-9CDA99087E93}.RelWithDebInfo|x64.Build.0 = RelWithDebInfo|x64
	EndGlobalSection
	GlobalSection(NestedProjects) = preSolution
		{07994ACA-9644-3660-AB4F-724FEC311DFD} = {00D74D2D-EA35-3A18-B82C-B1B6997F8CCE}
		{98C93AC6-60EC-394F-99A5-15983D9574F2} = {00D74D2D-EA35-3A18-B82C-B1B6997F8CCE}
		{7CEB6516-7693-3C67-857A-66AB3E2C82F6} = {00D74D2D-EA35-3A18-B82C-B1B6997F8CCE}
		{A4DE1904-F9B1-31AF-8893-9CDA99087E93} = {00D74D2D-EA35-3A18-B82C-B1B6997F8CCE}
		{45B47478-C1CA-3384-8930-D299B4BA4224} = {831439A6-3D55-39A2-9F2E-5F232DF0EDB5}
	EndGlobalSection
	GlobalSection(ExtensibilityGlobals) = postSolution
		SolutionGuid = {F93EB398-0A94-3559-A99A-89E469B07964}
	EndGlobalSection
	GlobalSection(ExtensibilityAddIns) = postSolution
	EndGlobalSection
EndGlobal
