<?xml version="1.0" encoding="utf-8"?>
<Project ToolsVersion="16.0" xmlns="http://schemas.microsoft.com/developer/msbuild/2003">
  <ItemGroup>
    <ClCompile Include="D:\proj\IBLBaker\src\critter\dependencies\FreeImage\Source\LibPNG\png.c">
      <Filter>Source Files</Filter>
    </ClCompile>
    <ClCompile Include="D:\proj\IBLBaker\src\critter\dependencies\FreeImage\Source\LibPNG\pngerror.c">
      <Filter>Source Files</Filter>
    </ClCompile>
    <ClCompile Include="D:\proj\IBLBaker\src\critter\dependencies\FreeImage\Source\LibPNG\pngget.c">
      <Filter>Source Files</Filter>
    </ClCompile>
    <ClCompile Include="D:\proj\IBLBaker\src\critter\dependencies\FreeImage\Source\LibPNG\pngmem.c">
      <Filter>Source Files</Filter>
    </ClCompile>
    <ClCompile Include="D:\proj\IBLBaker\src\critter\dependencies\FreeImage\Source\LibPNG\pngpread.c">
      <Filter>Source Files</Filter>
    </ClCompile>
    <ClCompile Include="D:\proj\IBLBaker\src\critter\dependencies\FreeImage\Source\LibPNG\pngread.c">
      <Filter>Source Files</Filter>
    </ClCompile>
    <ClCompile Include="D:\proj\IBLBaker\src\critter\dependencies\FreeImage\Source\LibPNG\pngrio.c">
      <Filter>Source Files</Filter>
    </ClCompile>
    <ClCompile Include="D:\proj\IBLBaker\src\critter\dependencies\FreeImage\Source\LibPNG\pngrtran.c">
      <Filter>Source Files</Filter>
    </ClCompile>
    <ClCompile Include="D:\proj\IBLBaker\src\critter\dependencies\FreeImage\Source\LibPNG\pngrutil.c">
      <Filter>Source Files</Filter>
    </ClCompile>
    <ClCompile Include="D:\proj\IBLBaker\src\critter\dependencies\FreeImage\Source\LibPNG\pngset.c">
      <Filter>Source Files</Filter>
    </ClCompile>
    <ClCompile Include="D:\proj\IBLBaker\src\critter\dependencies\FreeImage\Source\LibPNG\pngtrans.c">
      <Filter>Source Files</Filter>
    </ClCompile>
    <ClCompile Include="D:\proj\IBLBaker\src\critter\dependencies\FreeImage\Source\LibPNG\pngwio.c">
      <Filter>Source Files</Filter>
    </ClCompile>
    <ClCompile Include="D:\proj\IBLBaker\src\critter\dependencies\FreeImage\Source\LibPNG\pngwrite.c">
      <Filter>Source Files</Filter>
    </ClCompile>
    <ClCompile Include="D:\proj\IBLBaker\src\critter\dependencies\FreeImage\Source\LibPNG\pngwtran.c">
      <Filter>Source Files</Filter>
    </ClCompile>
    <ClCompile Include="D:\proj\IBLBaker\src\critter\dependencies\FreeImage\Source\LibPNG\pngwutil.c">
      <Filter>Source Files</Filter>
    </ClCompile>
  </ItemGroup>
  <ItemGroup>
    <CustomBuild Include="D:\proj\IBLBaker\src\critter\dependencies\FreeImage\Source\LibPNG\CMakeLists.txt" />
  </ItemGroup>
  <ItemGroup>
    <Filter Include="Source Files">
      <UniqueIdentifier>{CD867041-77F9-3CE4-8030-9B49FE2E708C}</UniqueIdentifier>
    </Filter>
  </ItemGroup>
</Project>
