<?xml version="1.0" encoding="utf-8"?>
<Project ToolsVersion="16.0" xmlns="http://schemas.microsoft.com/developer/msbuild/2003">
  <ItemGroup>
    <ClCompile Include="D:\proj\IBLBaker\src\IblApplication.cpp">
      <Filter>Source Files</Filter>
    </ClCompile>
    <ClCompile Include="D:\proj\IBLBaker\src\IblApplicationHUD.cpp">
      <Filter>Source Files</Filter>
    </ClCompile>
    <ClCompile Include="D:\proj\IBLBaker\src\main.cpp">
      <Filter>Source Files</Filter>
    </ClCompile>
  </ItemGroup>
  <ItemGroup>
    <ClInclude Include="D:\proj\IBLBaker\src\IblApplication.h">
      <Filter>Header Files</Filter>
    </ClInclude>
    <ClInclude Include="D:\proj\IBLBaker\src\IblApplicationHUD.h">
      <Filter>Header Files</Filter>
    </ClInclude>
  </ItemGroup>
  <ItemGroup>
    <CustomBuild Include="D:\proj\IBLBaker\CMakeLists.txt" />
  </ItemGroup>
  <ItemGroup>
    <ResourceCompile Include="D:\proj\IBLBaker\src\resources\IBLBaker.rc">
      <Filter>Source Files</Filter>
    </ResourceCompile>
  </ItemGroup>
  <ItemGroup>
    <Filter Include="Header Files">
      <UniqueIdentifier>{DB78B709-29AF-3432-9C05-2082F1AF13A5}</UniqueIdentifier>
    </Filter>
    <Filter Include="Source Files">
      <UniqueIdentifier>{CD867041-77F9-3CE4-8030-9B49FE2E708C}</UniqueIdentifier>
    </Filter>
  </ItemGroup>
</Project>
