<?xml version="1.0" encoding="utf-8"?>
<Project ToolsVersion="16.0" xmlns="http://schemas.microsoft.com/developer/msbuild/2003">
  <ItemGroup>
    <ClCompile Include="D:\proj\IBLBaker\src\critter\dependencies\FreeImage\Source\OpenEXR\IexMath\IexMathFpu.cpp">
      <Filter>Source Files</Filter>
    </ClCompile>
    <ClCompile Include="D:\proj\IBLBaker\src\critter\dependencies\FreeImage\Source\OpenEXR\IlmImf\b44ExpLogTable.cpp">
      <Filter>Source Files</Filter>
    </ClCompile>
    <ClCompile Include="D:\proj\IBLBaker\src\critter\dependencies\FreeImage\Source\OpenEXR\IlmImf\ImfAcesFile.cpp">
      <Filter>Source Files</Filter>
    </ClCompile>
    <ClCompile Include="D:\proj\IBLBaker\src\critter\dependencies\FreeImage\Source\OpenEXR\IlmImf\ImfAttribute.cpp">
      <Filter>Source Files</Filter>
    </ClCompile>
    <ClCompile Include="D:\proj\IBLBaker\src\critter\dependencies\FreeImage\Source\OpenEXR\IlmImf\ImfB44Compressor.cpp">
      <Filter>Source Files</Filter>
    </ClCompile>
    <ClCompile Include="D:\proj\IBLBaker\src\critter\dependencies\FreeImage\Source\OpenEXR\IlmImf\ImfBoxAttribute.cpp">
      <Filter>Source Files</Filter>
    </ClCompile>
    <ClCompile Include="D:\proj\IBLBaker\src\critter\dependencies\FreeImage\Source\OpenEXR\IlmImf\ImfChannelList.cpp">
      <Filter>Source Files</Filter>
    </ClCompile>
    <ClCompile Include="D:\proj\IBLBaker\src\critter\dependencies\FreeImage\Source\OpenEXR\IlmImf\ImfChannelListAttribute.cpp">
      <Filter>Source Files</Filter>
    </ClCompile>
    <ClCompile Include="D:\proj\IBLBaker\src\critter\dependencies\FreeImage\Source\OpenEXR\IlmImf\ImfChromaticities.cpp">
      <Filter>Source Files</Filter>
    </ClCompile>
    <ClCompile Include="D:\proj\IBLBaker\src\critter\dependencies\FreeImage\Source\OpenEXR\IlmImf\ImfChromaticitiesAttribute.cpp">
      <Filter>Source Files</Filter>
    </ClCompile>
    <ClCompile Include="D:\proj\IBLBaker\src\critter\dependencies\FreeImage\Source\OpenEXR\IlmImf\ImfCompositeDeepScanLine.cpp">
      <Filter>Source Files</Filter>
    </ClCompile>
    <ClCompile Include="D:\proj\IBLBaker\src\critter\dependencies\FreeImage\Source\OpenEXR\IlmImf\ImfCompressionAttribute.cpp">
      <Filter>Source Files</Filter>
    </ClCompile>
    <ClCompile Include="D:\proj\IBLBaker\src\critter\dependencies\FreeImage\Source\OpenEXR\IlmImf\ImfCompressor.cpp">
      <Filter>Source Files</Filter>
    </ClCompile>
    <ClCompile Include="D:\proj\IBLBaker\src\critter\dependencies\FreeImage\Source\OpenEXR\IlmImf\ImfConvert.cpp">
      <Filter>Source Files</Filter>
    </ClCompile>
    <ClCompile Include="D:\proj\IBLBaker\src\critter\dependencies\FreeImage\Source\OpenEXR\IlmImf\ImfCRgbaFile.cpp">
      <Filter>Source Files</Filter>
    </ClCompile>
    <ClCompile Include="D:\proj\IBLBaker\src\critter\dependencies\FreeImage\Source\OpenEXR\IlmImf\ImfDeepCompositing.cpp">
      <Filter>Source Files</Filter>
    </ClCompile>
    <ClCompile Include="D:\proj\IBLBaker\src\critter\dependencies\FreeImage\Source\OpenEXR\IlmImf\ImfDeepFrameBuffer.cpp">
      <Filter>Source Files</Filter>
    </ClCompile>
    <ClCompile Include="D:\proj\IBLBaker\src\critter\dependencies\FreeImage\Source\OpenEXR\IlmImf\ImfDeepImageStateAttribute.cpp">
      <Filter>Source Files</Filter>
    </ClCompile>
    <ClCompile Include="D:\proj\IBLBaker\src\critter\dependencies\FreeImage\Source\OpenEXR\IlmImf\ImfDeepScanLineInputFile.cpp">
      <Filter>Source Files</Filter>
    </ClCompile>
    <ClCompile Include="D:\proj\IBLBaker\src\critter\dependencies\FreeImage\Source\OpenEXR\IlmImf\ImfDeepScanLineInputPart.cpp">
      <Filter>Source Files</Filter>
    </ClCompile>
    <ClCompile Include="D:\proj\IBLBaker\src\critter\dependencies\FreeImage\Source\OpenEXR\IlmImf\ImfDeepScanLineOutputFile.cpp">
      <Filter>Source Files</Filter>
    </ClCompile>
    <ClCompile Include="D:\proj\IBLBaker\src\critter\dependencies\FreeImage\Source\OpenEXR\IlmImf\ImfDeepScanLineOutputPart.cpp">
      <Filter>Source Files</Filter>
    </ClCompile>
    <ClCompile Include="D:\proj\IBLBaker\src\critter\dependencies\FreeImage\Source\OpenEXR\IlmImf\ImfDeepTiledInputFile.cpp">
      <Filter>Source Files</Filter>
    </ClCompile>
    <ClCompile Include="D:\proj\IBLBaker\src\critter\dependencies\FreeImage\Source\OpenEXR\IlmImf\ImfDeepTiledInputPart.cpp">
      <Filter>Source Files</Filter>
    </ClCompile>
    <ClCompile Include="D:\proj\IBLBaker\src\critter\dependencies\FreeImage\Source\OpenEXR\IlmImf\ImfDeepTiledOutputFile.cpp">
      <Filter>Source Files</Filter>
    </ClCompile>
    <ClCompile Include="D:\proj\IBLBaker\src\critter\dependencies\FreeImage\Source\OpenEXR\IlmImf\ImfDeepTiledOutputPart.cpp">
      <Filter>Source Files</Filter>
    </ClCompile>
    <ClCompile Include="D:\proj\IBLBaker\src\critter\dependencies\FreeImage\Source\OpenEXR\IlmImf\ImfDoubleAttribute.cpp">
      <Filter>Source Files</Filter>
    </ClCompile>
    <ClCompile Include="D:\proj\IBLBaker\src\critter\dependencies\FreeImage\Source\OpenEXR\IlmImf\ImfDwaCompressor.cpp">
      <Filter>Source Files</Filter>
    </ClCompile>
    <ClCompile Include="D:\proj\IBLBaker\src\critter\dependencies\FreeImage\Source\OpenEXR\IlmImf\ImfEnvmap.cpp">
      <Filter>Source Files</Filter>
    </ClCompile>
    <ClCompile Include="D:\proj\IBLBaker\src\critter\dependencies\FreeImage\Source\OpenEXR\IlmImf\ImfEnvmapAttribute.cpp">
      <Filter>Source Files</Filter>
    </ClCompile>
    <ClCompile Include="D:\proj\IBLBaker\src\critter\dependencies\FreeImage\Source\OpenEXR\IlmImf\ImfFastHuf.cpp">
      <Filter>Source Files</Filter>
    </ClCompile>
    <ClCompile Include="D:\proj\IBLBaker\src\critter\dependencies\FreeImage\Source\OpenEXR\IlmImf\ImfFloatAttribute.cpp">
      <Filter>Source Files</Filter>
    </ClCompile>
    <ClCompile Include="D:\proj\IBLBaker\src\critter\dependencies\FreeImage\Source\OpenEXR\IlmImf\ImfFloatVectorAttribute.cpp">
      <Filter>Source Files</Filter>
    </ClCompile>
    <ClCompile Include="D:\proj\IBLBaker\src\critter\dependencies\FreeImage\Source\OpenEXR\IlmImf\ImfFrameBuffer.cpp">
      <Filter>Source Files</Filter>
    </ClCompile>
    <ClCompile Include="D:\proj\IBLBaker\src\critter\dependencies\FreeImage\Source\OpenEXR\IlmImf\ImfFramesPerSecond.cpp">
      <Filter>Source Files</Filter>
    </ClCompile>
    <ClCompile Include="D:\proj\IBLBaker\src\critter\dependencies\FreeImage\Source\OpenEXR\IlmImf\ImfGenericInputFile.cpp">
      <Filter>Source Files</Filter>
    </ClCompile>
    <ClCompile Include="D:\proj\IBLBaker\src\critter\dependencies\FreeImage\Source\OpenEXR\IlmImf\ImfGenericOutputFile.cpp">
      <Filter>Source Files</Filter>
    </ClCompile>
    <ClCompile Include="D:\proj\IBLBaker\src\critter\dependencies\FreeImage\Source\OpenEXR\IlmImf\ImfHeader.cpp">
      <Filter>Source Files</Filter>
    </ClCompile>
    <ClCompile Include="D:\proj\IBLBaker\src\critter\dependencies\FreeImage\Source\OpenEXR\IlmImf\ImfHuf.cpp">
      <Filter>Source Files</Filter>
    </ClCompile>
    <ClCompile Include="D:\proj\IBLBaker\src\critter\dependencies\FreeImage\Source\OpenEXR\IlmImf\ImfInputFile.cpp">
      <Filter>Source Files</Filter>
    </ClCompile>
    <ClCompile Include="D:\proj\IBLBaker\src\critter\dependencies\FreeImage\Source\OpenEXR\IlmImf\ImfInputPart.cpp">
      <Filter>Source Files</Filter>
    </ClCompile>
    <ClCompile Include="D:\proj\IBLBaker\src\critter\dependencies\FreeImage\Source\OpenEXR\IlmImf\ImfInputPartData.cpp">
      <Filter>Source Files</Filter>
    </ClCompile>
    <ClCompile Include="D:\proj\IBLBaker\src\critter\dependencies\FreeImage\Source\OpenEXR\IlmImf\ImfIntAttribute.cpp">
      <Filter>Source Files</Filter>
    </ClCompile>
    <ClCompile Include="D:\proj\IBLBaker\src\critter\dependencies\FreeImage\Source\OpenEXR\IlmImf\ImfIO.cpp">
      <Filter>Source Files</Filter>
    </ClCompile>
    <ClCompile Include="D:\proj\IBLBaker\src\critter\dependencies\FreeImage\Source\OpenEXR\IlmImf\ImfKeyCode.cpp">
      <Filter>Source Files</Filter>
    </ClCompile>
    <ClCompile Include="D:\proj\IBLBaker\src\critter\dependencies\FreeImage\Source\OpenEXR\IlmImf\ImfKeyCodeAttribute.cpp">
      <Filter>Source Files</Filter>
    </ClCompile>
    <ClCompile Include="D:\proj\IBLBaker\src\critter\dependencies\FreeImage\Source\OpenEXR\IlmImf\ImfLineOrderAttribute.cpp">
      <Filter>Source Files</Filter>
    </ClCompile>
    <ClCompile Include="D:\proj\IBLBaker\src\critter\dependencies\FreeImage\Source\OpenEXR\IlmImf\ImfLut.cpp">
      <Filter>Source Files</Filter>
    </ClCompile>
    <ClCompile Include="D:\proj\IBLBaker\src\critter\dependencies\FreeImage\Source\OpenEXR\IlmImf\ImfMatrixAttribute.cpp">
      <Filter>Source Files</Filter>
    </ClCompile>
    <ClCompile Include="D:\proj\IBLBaker\src\critter\dependencies\FreeImage\Source\OpenEXR\IlmImf\ImfMisc.cpp">
      <Filter>Source Files</Filter>
    </ClCompile>
    <ClCompile Include="D:\proj\IBLBaker\src\critter\dependencies\FreeImage\Source\OpenEXR\IlmImf\ImfMultiPartInputFile.cpp">
      <Filter>Source Files</Filter>
    </ClCompile>
    <ClCompile Include="D:\proj\IBLBaker\src\critter\dependencies\FreeImage\Source\OpenEXR\IlmImf\ImfMultiPartOutputFile.cpp">
      <Filter>Source Files</Filter>
    </ClCompile>
    <ClCompile Include="D:\proj\IBLBaker\src\critter\dependencies\FreeImage\Source\OpenEXR\IlmImf\ImfMultiView.cpp">
      <Filter>Source Files</Filter>
    </ClCompile>
    <ClCompile Include="D:\proj\IBLBaker\src\critter\dependencies\FreeImage\Source\OpenEXR\IlmImf\ImfOpaqueAttribute.cpp">
      <Filter>Source Files</Filter>
    </ClCompile>
    <ClCompile Include="D:\proj\IBLBaker\src\critter\dependencies\FreeImage\Source\OpenEXR\IlmImf\ImfOutputFile.cpp">
      <Filter>Source Files</Filter>
    </ClCompile>
    <ClCompile Include="D:\proj\IBLBaker\src\critter\dependencies\FreeImage\Source\OpenEXR\IlmImf\ImfOutputPart.cpp">
      <Filter>Source Files</Filter>
    </ClCompile>
    <ClCompile Include="D:\proj\IBLBaker\src\critter\dependencies\FreeImage\Source\OpenEXR\IlmImf\ImfOutputPartData.cpp">
      <Filter>Source Files</Filter>
    </ClCompile>
    <ClCompile Include="D:\proj\IBLBaker\src\critter\dependencies\FreeImage\Source\OpenEXR\IlmImf\ImfPartType.cpp">
      <Filter>Source Files</Filter>
    </ClCompile>
    <ClCompile Include="D:\proj\IBLBaker\src\critter\dependencies\FreeImage\Source\OpenEXR\IlmImf\ImfPizCompressor.cpp">
      <Filter>Source Files</Filter>
    </ClCompile>
    <ClCompile Include="D:\proj\IBLBaker\src\critter\dependencies\FreeImage\Source\OpenEXR\IlmImf\ImfPreviewImage.cpp">
      <Filter>Source Files</Filter>
    </ClCompile>
    <ClCompile Include="D:\proj\IBLBaker\src\critter\dependencies\FreeImage\Source\OpenEXR\IlmImf\ImfPreviewImageAttribute.cpp">
      <Filter>Source Files</Filter>
    </ClCompile>
    <ClCompile Include="D:\proj\IBLBaker\src\critter\dependencies\FreeImage\Source\OpenEXR\IlmImf\ImfPxr24Compressor.cpp">
      <Filter>Source Files</Filter>
    </ClCompile>
    <ClCompile Include="D:\proj\IBLBaker\src\critter\dependencies\FreeImage\Source\OpenEXR\IlmImf\ImfRational.cpp">
      <Filter>Source Files</Filter>
    </ClCompile>
    <ClCompile Include="D:\proj\IBLBaker\src\critter\dependencies\FreeImage\Source\OpenEXR\IlmImf\ImfRationalAttribute.cpp">
      <Filter>Source Files</Filter>
    </ClCompile>
    <ClCompile Include="D:\proj\IBLBaker\src\critter\dependencies\FreeImage\Source\OpenEXR\IlmImf\ImfRgbaFile.cpp">
      <Filter>Source Files</Filter>
    </ClCompile>
    <ClCompile Include="D:\proj\IBLBaker\src\critter\dependencies\FreeImage\Source\OpenEXR\IlmImf\ImfRgbaYca.cpp">
      <Filter>Source Files</Filter>
    </ClCompile>
    <ClCompile Include="D:\proj\IBLBaker\src\critter\dependencies\FreeImage\Source\OpenEXR\IlmImf\ImfRle.cpp">
      <Filter>Source Files</Filter>
    </ClCompile>
    <ClCompile Include="D:\proj\IBLBaker\src\critter\dependencies\FreeImage\Source\OpenEXR\IlmImf\ImfRleCompressor.cpp">
      <Filter>Source Files</Filter>
    </ClCompile>
    <ClCompile Include="D:\proj\IBLBaker\src\critter\dependencies\FreeImage\Source\OpenEXR\IlmImf\ImfScanLineInputFile.cpp">
      <Filter>Source Files</Filter>
    </ClCompile>
    <ClCompile Include="D:\proj\IBLBaker\src\critter\dependencies\FreeImage\Source\OpenEXR\IlmImf\ImfStandardAttributes.cpp">
      <Filter>Source Files</Filter>
    </ClCompile>
    <ClCompile Include="D:\proj\IBLBaker\src\critter\dependencies\FreeImage\Source\OpenEXR\IlmImf\ImfStdIO.cpp">
      <Filter>Source Files</Filter>
    </ClCompile>
    <ClCompile Include="D:\proj\IBLBaker\src\critter\dependencies\FreeImage\Source\OpenEXR\IlmImf\ImfStringAttribute.cpp">
      <Filter>Source Files</Filter>
    </ClCompile>
    <ClCompile Include="D:\proj\IBLBaker\src\critter\dependencies\FreeImage\Source\OpenEXR\IlmImf\ImfStringVectorAttribute.cpp">
      <Filter>Source Files</Filter>
    </ClCompile>
    <ClCompile Include="D:\proj\IBLBaker\src\critter\dependencies\FreeImage\Source\OpenEXR\IlmImf\ImfSystemSpecific.cpp">
      <Filter>Source Files</Filter>
    </ClCompile>
    <ClCompile Include="D:\proj\IBLBaker\src\critter\dependencies\FreeImage\Source\OpenEXR\IlmImf\ImfTestFile.cpp">
      <Filter>Source Files</Filter>
    </ClCompile>
    <ClCompile Include="D:\proj\IBLBaker\src\critter\dependencies\FreeImage\Source\OpenEXR\IlmImf\ImfThreading.cpp">
      <Filter>Source Files</Filter>
    </ClCompile>
    <ClCompile Include="D:\proj\IBLBaker\src\critter\dependencies\FreeImage\Source\OpenEXR\IlmImf\ImfTileDescriptionAttribute.cpp">
      <Filter>Source Files</Filter>
    </ClCompile>
    <ClCompile Include="D:\proj\IBLBaker\src\critter\dependencies\FreeImage\Source\OpenEXR\IlmImf\ImfTiledInputFile.cpp">
      <Filter>Source Files</Filter>
    </ClCompile>
    <ClCompile Include="D:\proj\IBLBaker\src\critter\dependencies\FreeImage\Source\OpenEXR\IlmImf\ImfTiledInputPart.cpp">
      <Filter>Source Files</Filter>
    </ClCompile>
    <ClCompile Include="D:\proj\IBLBaker\src\critter\dependencies\FreeImage\Source\OpenEXR\IlmImf\ImfTiledMisc.cpp">
      <Filter>Source Files</Filter>
    </ClCompile>
    <ClCompile Include="D:\proj\IBLBaker\src\critter\dependencies\FreeImage\Source\OpenEXR\IlmImf\ImfTiledOutputFile.cpp">
      <Filter>Source Files</Filter>
    </ClCompile>
    <ClCompile Include="D:\proj\IBLBaker\src\critter\dependencies\FreeImage\Source\OpenEXR\IlmImf\ImfTiledOutputPart.cpp">
      <Filter>Source Files</Filter>
    </ClCompile>
    <ClCompile Include="D:\proj\IBLBaker\src\critter\dependencies\FreeImage\Source\OpenEXR\IlmImf\ImfTiledRgbaFile.cpp">
      <Filter>Source Files</Filter>
    </ClCompile>
    <ClCompile Include="D:\proj\IBLBaker\src\critter\dependencies\FreeImage\Source\OpenEXR\IlmImf\ImfTileOffsets.cpp">
      <Filter>Source Files</Filter>
    </ClCompile>
    <ClCompile Include="D:\proj\IBLBaker\src\critter\dependencies\FreeImage\Source\OpenEXR\IlmImf\ImfTimeCode.cpp">
      <Filter>Source Files</Filter>
    </ClCompile>
    <ClCompile Include="D:\proj\IBLBaker\src\critter\dependencies\FreeImage\Source\OpenEXR\IlmImf\ImfTimeCodeAttribute.cpp">
      <Filter>Source Files</Filter>
    </ClCompile>
    <ClCompile Include="D:\proj\IBLBaker\src\critter\dependencies\FreeImage\Source\OpenEXR\IlmImf\ImfVecAttribute.cpp">
      <Filter>Source Files</Filter>
    </ClCompile>
    <ClCompile Include="D:\proj\IBLBaker\src\critter\dependencies\FreeImage\Source\OpenEXR\IlmImf\ImfVersion.cpp">
      <Filter>Source Files</Filter>
    </ClCompile>
    <ClCompile Include="D:\proj\IBLBaker\src\critter\dependencies\FreeImage\Source\OpenEXR\IlmImf\ImfWav.cpp">
      <Filter>Source Files</Filter>
    </ClCompile>
    <ClCompile Include="D:\proj\IBLBaker\src\critter\dependencies\FreeImage\Source\OpenEXR\IlmImf\ImfZip.cpp">
      <Filter>Source Files</Filter>
    </ClCompile>
    <ClCompile Include="D:\proj\IBLBaker\src\critter\dependencies\FreeImage\Source\OpenEXR\IlmImf\ImfZipCompressor.cpp">
      <Filter>Source Files</Filter>
    </ClCompile>
    <ClCompile Include="D:\proj\IBLBaker\src\critter\dependencies\FreeImage\Source\OpenEXR\Imath\ImathBox.cpp">
      <Filter>Source Files</Filter>
    </ClCompile>
    <ClCompile Include="D:\proj\IBLBaker\src\critter\dependencies\FreeImage\Source\OpenEXR\Imath\ImathColorAlgo.cpp">
      <Filter>Source Files</Filter>
    </ClCompile>
    <ClCompile Include="D:\proj\IBLBaker\src\critter\dependencies\FreeImage\Source\OpenEXR\Imath\ImathFun.cpp">
      <Filter>Source Files</Filter>
    </ClCompile>
    <ClCompile Include="D:\proj\IBLBaker\src\critter\dependencies\FreeImage\Source\OpenEXR\Imath\ImathMatrixAlgo.cpp">
      <Filter>Source Files</Filter>
    </ClCompile>
    <ClCompile Include="D:\proj\IBLBaker\src\critter\dependencies\FreeImage\Source\OpenEXR\Imath\ImathRandom.cpp">
      <Filter>Source Files</Filter>
    </ClCompile>
    <ClCompile Include="D:\proj\IBLBaker\src\critter\dependencies\FreeImage\Source\OpenEXR\Imath\ImathShear.cpp">
      <Filter>Source Files</Filter>
    </ClCompile>
    <ClCompile Include="D:\proj\IBLBaker\src\critter\dependencies\FreeImage\Source\OpenEXR\Imath\ImathVec.cpp">
      <Filter>Source Files</Filter>
    </ClCompile>
    <ClCompile Include="D:\proj\IBLBaker\src\critter\dependencies\FreeImage\Source\OpenEXR\Iex\IexBaseExc.cpp">
      <Filter>Source Files</Filter>
    </ClCompile>
    <ClCompile Include="D:\proj\IBLBaker\src\critter\dependencies\FreeImage\Source\OpenEXR\Iex\IexThrowErrnoExc.cpp">
      <Filter>Source Files</Filter>
    </ClCompile>
    <ClCompile Include="D:\proj\IBLBaker\src\critter\dependencies\FreeImage\Source\OpenEXR\Half\half.cpp">
      <Filter>Source Files</Filter>
    </ClCompile>
    <ClCompile Include="D:\proj\IBLBaker\src\critter\dependencies\FreeImage\Source\OpenEXR\IlmThread\IlmThread.cpp">
      <Filter>Source Files</Filter>
    </ClCompile>
    <ClCompile Include="D:\proj\IBLBaker\src\critter\dependencies\FreeImage\Source\OpenEXR\IlmThread\IlmThreadMutex.cpp">
      <Filter>Source Files</Filter>
    </ClCompile>
    <ClCompile Include="D:\proj\IBLBaker\src\critter\dependencies\FreeImage\Source\OpenEXR\IlmThread\IlmThreadPool.cpp">
      <Filter>Source Files</Filter>
    </ClCompile>
    <ClCompile Include="D:\proj\IBLBaker\src\critter\dependencies\FreeImage\Source\OpenEXR\IlmThread\IlmThreadSemaphore.cpp">
      <Filter>Source Files</Filter>
    </ClCompile>
    <ClCompile Include="D:\proj\IBLBaker\src\critter\dependencies\FreeImage\Source\OpenEXR\IexMath\IexMathFloatExc.cpp">
      <Filter>Source Files</Filter>
    </ClCompile>
  </ItemGroup>
  <ItemGroup>
    <CustomBuild Include="D:\proj\IBLBaker\src\critter\dependencies\FreeImage\Source\OpenEXR\CMakeLists.txt" />
  </ItemGroup>
  <ItemGroup>
    <Filter Include="Source Files">
      <UniqueIdentifier>{CD867041-77F9-3CE4-8030-9B49FE2E708C}</UniqueIdentifier>
    </Filter>
  </ItemGroup>
</Project>
