<?xml version="1.0" encoding="utf-8"?>
<Project ToolsVersion="16.0" xmlns="http://schemas.microsoft.com/developer/msbuild/2003">
  <ItemGroup>
    <ClCompile Include="D:\proj\IBLBaker\src\critter\dependencies\FreeImage\Source\LibOpenJPEG\bio.c">
      <Filter>Source Files</Filter>
    </ClCompile>
    <ClCompile Include="D:\proj\IBLBaker\src\critter\dependencies\FreeImage\Source\LibOpenJPEG\cio.c">
      <Filter>Source Files</Filter>
    </ClCompile>
    <ClCompile Include="D:\proj\IBLBaker\src\critter\dependencies\FreeImage\Source\LibOpenJPEG\dwt.c">
      <Filter>Source Files</Filter>
    </ClCompile>
    <ClCompile Include="D:\proj\IBLBaker\src\critter\dependencies\FreeImage\Source\LibOpenJPEG\event.c">
      <Filter>Source Files</Filter>
    </ClCompile>
    <ClCompile Include="D:\proj\IBLBaker\src\critter\dependencies\FreeImage\Source\LibOpenJPEG\function_list.c">
      <Filter>Source Files</Filter>
    </ClCompile>
    <ClCompile Include="D:\proj\IBLBaker\src\critter\dependencies\FreeImage\Source\LibOpenJPEG\image.c">
      <Filter>Source Files</Filter>
    </ClCompile>
    <ClCompile Include="D:\proj\IBLBaker\src\critter\dependencies\FreeImage\Source\LibOpenJPEG\invert.c">
      <Filter>Source Files</Filter>
    </ClCompile>
    <ClCompile Include="D:\proj\IBLBaker\src\critter\dependencies\FreeImage\Source\LibOpenJPEG\j2k.c">
      <Filter>Source Files</Filter>
    </ClCompile>
    <ClCompile Include="D:\proj\IBLBaker\src\critter\dependencies\FreeImage\Source\LibOpenJPEG\jp2.c">
      <Filter>Source Files</Filter>
    </ClCompile>
    <ClCompile Include="D:\proj\IBLBaker\src\critter\dependencies\FreeImage\Source\LibOpenJPEG\mct.c">
      <Filter>Source Files</Filter>
    </ClCompile>
    <ClCompile Include="D:\proj\IBLBaker\src\critter\dependencies\FreeImage\Source\LibOpenJPEG\mqc.c">
      <Filter>Source Files</Filter>
    </ClCompile>
    <ClCompile Include="D:\proj\IBLBaker\src\critter\dependencies\FreeImage\Source\LibOpenJPEG\openjpeg.c">
      <Filter>Source Files</Filter>
    </ClCompile>
    <ClCompile Include="D:\proj\IBLBaker\src\critter\dependencies\FreeImage\Source\LibOpenJPEG\opj_clock.c">
      <Filter>Source Files</Filter>
    </ClCompile>
    <ClCompile Include="D:\proj\IBLBaker\src\critter\dependencies\FreeImage\Source\LibOpenJPEG\pi.c">
      <Filter>Source Files</Filter>
    </ClCompile>
    <ClCompile Include="D:\proj\IBLBaker\src\critter\dependencies\FreeImage\Source\LibOpenJPEG\raw.c">
      <Filter>Source Files</Filter>
    </ClCompile>
    <ClCompile Include="D:\proj\IBLBaker\src\critter\dependencies\FreeImage\Source\LibOpenJPEG\t1.c">
      <Filter>Source Files</Filter>
    </ClCompile>
    <ClCompile Include="D:\proj\IBLBaker\src\critter\dependencies\FreeImage\Source\LibOpenJPEG\t2.c">
      <Filter>Source Files</Filter>
    </ClCompile>
    <ClCompile Include="D:\proj\IBLBaker\src\critter\dependencies\FreeImage\Source\LibOpenJPEG\tcd.c">
      <Filter>Source Files</Filter>
    </ClCompile>
    <ClCompile Include="D:\proj\IBLBaker\src\critter\dependencies\FreeImage\Source\LibOpenJPEG\tgt.c">
      <Filter>Source Files</Filter>
    </ClCompile>
  </ItemGroup>
  <ItemGroup>
    <CustomBuild Include="D:\proj\IBLBaker\src\critter\dependencies\FreeImage\Source\LibOpenJPEG\CMakeLists.txt" />
  </ItemGroup>
  <ItemGroup>
    <Filter Include="Source Files">
      <UniqueIdentifier>{CD867041-77F9-3CE4-8030-9B49FE2E708C}</UniqueIdentifier>
    </Filter>
  </ItemGroup>
</Project>
